// !$*UTF8*$!
{
	archiveVersion = 1;
	classes = {
	};
	objectVersion = 50;
	objects = {

/* Begin PBXBuildFile section */
		B163E819268B8CB400AA5105 /* AppDelegate.swift in Sources */ = {isa = PBXBuildFile; fileRef = B163E818268B8CB400AA5105 /* AppDelegate.swift */; };
		B163E81B268B8CB400AA5105 /* SceneDelegate.swift in Sources */ = {isa = PBXBuildFile; fileRef = B163E81A268B8CB400AA5105 /* SceneDelegate.swift */; };
		B163E81D268B8CB400AA5105 /* ViewController.swift in Sources */ = {isa = PBXBuildFile; fileRef = B163E81C268B8CB400AA5105 /* ViewController.swift */; };
		B163E820268B8CB400AA5105 /* Main.storyboard in Resources */ = {isa = PBXBuildFile; fileRef = B163E81E268B8CB400AA5105 /* Main.storyboard */; };
		B163E823268B8CB400AA5105 /* Githubtest.xcdatamodeld in Sources */ = {isa = PBXBuildFile; fileRef = B163E821268B8CB400AA5105 /* Githubtest.xcdatamodeld */; };
		B163E825268B8CB500AA5105 /* Assets.xcassets in Resources */ = {isa = PBXBuildFile; fileRef = B163E824268B8CB500AA5105 /* Assets.xcassets */; };
		B163E828268B8CB500AA5105 /* LaunchScreen.storyboard in Resources */ = {isa = PBXBuildFile; fileRef = B163E826268B8CB500AA5105 /* LaunchScreen.storyboard */; };
/* End PBXBuildFile section */

/* Begin PBXFileReference section */
		B163E815268B8CB400AA5105 /* Githubtest.app */ = {isa = PBXFileReference; explicitFileType = wrapper.application; includeInIndex = 0; path = Githubtest.app; sourceTree = BUILT_PRODUCTS_DIR; };
		B163E818268B8CB400AA5105 /* AppDelegate.swift */ = {isa = PBXFileReference; lastKnownFileType = sourcecode.swift; path = AppDelegate.swift; sourceTree = "<group>"; };
		B163E81A268B8CB400AA5105 /* SceneDelegate.swift */ = {isa = PBXFileReference; lastKnownFileType = sourcecode.swift; path = SceneDelegate.swift; sourceTree = "<group>"; };
		B163E81C268B8CB400AA5105 /* ViewController.swift */ = {isa = PBXFileReference; lastKnownFileType = sourcecode.swift; path = ViewController.swift; sourceTree = "<group>"; };
		B163E81F268B8CB400AA5105 /* Base */ = {isa = PBXFileReference; lastKnownFileType = file.storyboard; name = Base; path = Base.lproj/Main.storyboard; sourceTree = "<group>"; };
		B163E822268B8CB400AA5105 /* Githubtest.xcdatamodel */ = {isa = PBXFileReference; lastKnownFileType = wrapper.xcdatamodel; path = Githubtest.xcdatamodel; sourceTree = "<group>"; };
		B163E824268B8CB500AA5105 /* Assets.xcassets */ = {isa = PBXFileReference; lastKnownFileType = folder.assetcatalog; path = Assets.xcassets; sourceTree = "<group>"; };
		B163E827268B8CB500AA5105 /* Base */ = {isa = PBXFileReference; lastKnownFileType = file.storyboard; name = Base; path = Base.lproj/LaunchScreen.storyboard; sourceTree = "<group>"; };
		B163E829268B8CB500AA5105 /* Info.plist */ = {isa = PBXFileReference; lastKnownFileType = text.plist.xml; path = Info.plist; sourceTree = "<group>"; };
/* End PBXFileReference section */

/* Begin PBXFrameworksBuildPhase section */
		B163E812268B8CB400AA5105 /* Frameworks */ = {
			isa = PBXFrameworksBuildPhase;
			buildActionMask = 2147483647;
			files = (
			);
			runOnlyForDeploymentPostprocessing = 0;
		};
/* End PBXFrameworksBuildPhase section */

/* Begin PBXGroup section */
		B163E80C268B8CB400AA5105 = {
			isa = PBXGroup;
			children = (
				B163E817268B8CB400AA5105 /* Githubtest */,
				B163E816268B8CB400AA5105 /* Products */,
			);
			sourceTree = "<group>";
		};
		B163E816268B8CB400AA5105 /* Products */ = {
			isa = PBXGroup;
			children = (
				B163E815268B8CB400AA5105 /* Githubtest.app */,
			);
			name = Products;
			sourceTree = "<group>";
		};
		B163E817268B8CB400AA5105 /* Githubtest */ = {
			isa = PBXGroup;
			children = (
				B163E818268B8CB400AA5105 /* AppDelegate.swift */,
				B163E81A268B8CB400AA5105 /* SceneDelegate.swift */,
				B163E81C268B8CB400AA5105 /* ViewController.swift */,
				B163E81E268B8CB400AA5105 /* Main.storyboard */,
				B163E824268B8CB500AA5105 /* Assets.xcassets */,
				B163E826268B8CB500AA5105 /* LaunchScreen.storyboard */,
				B163E829268B8CB500AA5105 /* Info.plist */,
				B163E821268B8CB400AA5105 /* Githubtest.xcdatamodeld */,
			);
			path = Githubtest;
			sourceTree = "<group>";
		};
/* End PBXGroup section */

/* Begin PBXNativeTarget section */
		B163E814268B8CB400AA5105 /* Githubtest */ = {
			isa = PBXNativeTarget;
			buildConfigurationList = B163E82C268B8CB500AA5105 /* Build configuration list for PBXNativeTarget "Githubtest" */;
			buildPhases = (
				B163E811268B8CB400AA5105 /* Sources */,
				B163E812268B8CB400AA5105 /* Frameworks */,
				B163E813268B8CB400AA5105 /* Resources */,
			);
			buildRules = (
			);
			dependencies = (
			);
			name = Githubtest;
			productName = Githubtest;
			productReference = B163E815268B8CB400AA5105 /* Githubtest.app */;
			productType = "com.apple.product-type.application";
		};
/* End PBXNativeTarget section */

/* Begin PBXProject section */
		B163E80D268B8CB400AA5105 /* Project object */ = {
			isa = PBXProject;
			attributes = {
				LastSwiftUpdateCheck = 1250;
				LastUpgradeCheck = 1250;
				TargetAttributes = {
					B163E814268B8CB400AA5105 = {
						CreatedOnToolsVersion = 12.5.1;
					};
				};
			};
			buildConfigurationList = B163E810268B8CB400AA5105 /* Build configuration list for PBXProject "Githubtest" */;
			compatibilityVersion = "Xcode 9.3";
			developmentRegion = en;
			hasScannedForEncodings = 0;
			knownRegions = (
				en,
				Base,
			);
			mainGroup = B163E80C268B8CB400AA5105;
			productRefGroup = B163E816268B8CB400AA5105 /* Products */;
			projectDirPath = "";
			projectRoot = "";
			targets = (
				B163E814268B8CB400AA5105 /* Githubtest */,
			);
		};
/* End PBXProject section */

/* Begin PBXResourcesBuildPhase section */
		B163E813268B8CB400AA5105 /* Resources */ = {
			isa = PBXResourcesBuildPhase;
			buildActionMask = 2147483647;
			files = (
				B163E828268B8CB500AA5105 /* LaunchScreen.storyboard in Resources */,
				B163E825268B8CB500AA5105 /* Assets.xcassets in Resources */,
				B163E820268B8CB400AA5105 /* Main.storyboard in Resources */,
			);
			runOnlyForDeploymentPostprocessing = 0;
		};
/* End PBXResourcesBuildPhase section */

/* Begin PBXSourcesBuildPhase section */
		B163E811268B8CB400AA5105 /* Sources */ = {
			isa = PBXSourcesBuildPhase;
			buildActionMask = 2147483647;
			files = (
				B163E81D268B8CB400AA5105 /* ViewController.swift in Sources */,
				B163E819268B8CB400AA5105 /* AppDelegate.swift in Sources */,
				B163E823268B8CB400AA5105 /* Githubtest.xcdatamodeld in Sources */,
				B163E81B268B8CB400AA5105 /* SceneDelegate.swift in Sources */,
			);
			runOnlyForDeploymentPostprocessing = 0;
		};
/* End PBXSourcesBuildPhase section */

/* Begin PBXVariantGroup section */
		B163E81E268B8CB400AA5105 /* Main.storyboard */ = {
			isa = PBXVariantGroup;
			children = (
				B163E81F268B8CB400AA5105 /* Base */,
			);
			name = Main.storyboard;
			sourceTree = "<group>";
		};
		B163E826268B8CB500AA5105 /* LaunchScreen.storyboard */ = {
			isa = PBXVariantGroup;
			children = (
				B163E827268B8CB500AA5105 /* Base */,
			);
			name = LaunchScreen.storyboard;
			sourceTree = "<group>";
		};
/* End PBXVariantGroup section */

/* Begin XCBuildConfiguration section */
		B163E82A268B8CB500AA5105 /* Debug */ = {
			isa = XCBuildConfiguration;
			buildSettings = {
				ALWAYS_SEARCH_USER_PATHS = NO;
				CLANG_ANALYZER_NONNULL = YES;
				CLANG_ANALYZER_NUMBER_OBJECT_CONVERSION = YES_AGGRESSIVE;
				CLANG_CXX_LANGUAGE_STANDARD = "gnu++14";
				CLANG_CXX_LIBRARY = "libc++";
				CLANG_ENABLE_MODULES = YES;
				CLANG_ENABLE_OBJC_ARC = YES;
				CLANG_ENABLE_OBJC_WEAK = YES;
				CLANG_WARN_BLOCK_CAPTURE_AUTORELEASING = YES;
				CLANG_WARN_BOOL_CONVERSION = YES;
				CLANG_WARN_COMMA = YES;
				CLANG_WARN_CONSTANT_CONVERSION = YES;
				CLANG_WARN_DEPRECATED_OBJC_IMPLEMENTATIONS = YES;
				CLANG_WARN_DIRECT_OBJC_ISA_USAGE = YES_ERROR;
				CLANG_WARN_DOCUMENTATION_COMMENTS = YES;
				CLANG_WARN_EMPTY_BODY = YES;
				CLANG_WARN_ENUM_CONVERSION = YES;
				CLANG_WARN_INFINITE_RECURSION = YES;
				CLANG_WARN_INT_CONVERSION = YES;
				CLANG_WARN_NON_LITERAL_NULL_CONVERSION = YES;
				CLANG_WARN_OBJC_IMPLICIT_RETAIN_SELF = YES;
				CLANG_WARN_OBJC_LITERAL_CONVERSION = YES;
				CLANG_WARN_OBJC_ROOT_CLASS = YES_ERROR;
				CLANG_WARN_QUOTED_INCLUDE_IN_FRAMEWORK_HEADER = YES;
				CLANG_WARN_RANGE_LOOP_ANALYSIS = YES;
				CLANG_WARN_STRICT_PROTOTYPES = YES;
				CLANG_WARN_SUSPICIOUS_MOVE = YES;
				CLANG_WARN_UNGUARDED_AVAILABILITY = YES_AGGRESSIVE;
				CLANG_WARN_UNREACHABLE_CODE = YES;
				CLANG_WARN__DUPLICATE_METHOD_MATCH = YES;
				COPY_PHASE_STRIP = NO;
				DEBUG_INFORMATION_FORMAT = dwarf;
				ENABLE_STRICT_OBJC_MSGSEND = YES;
				ENABLE_TESTABILITY = YES;
				GCC_C_LANGUAGE_STANDARD = gnu11;
				GCC_DYNAMIC_NO_PIC = NO;
				GCC_NO_COMMON_BLOCKS = YES;
				GCC_OPTIMIZATION_LEVEL = 0;
				GCC_PREPROCESSOR_DEFINITIONS = (
					"DEBUG=1",
					"$(inherited)",
				);
				GCC_WARN_64_TO_32_BIT_CONVERSION = YES;
				GCC_WARN_ABOUT_RETURN_TYPE = YES_ERROR;
				GCC_WARN_UNDECLARED_SELECTOR = YES;
				GCC_WARN_UNINITIALIZED_AUTOS = YES_AGGRESSIVE;
				GCC_WARN_UNUSED_FUNCTION = YES;
				GCC_WARN_UNUSED_VARIABLE = YES;
				IPHONEOS_DEPLOYMENT_TARGET = 14.5;
				MTL_ENABLE_DEBUG_INFO = INCLUDE_SOURCE;
				MTL_FAST_MATH = YES;
				ONLY_ACTIVE_ARCH = YES;
				SDKROOT = iphoneos;
				SWIFT_ACTIVE_COMPILATION_CONDITIONS = DEBUG;
				SWIFT_OPTIMIZATION_LEVEL = "-Onone";
			};
			name = Debug;
		};
		B163E82B268B8CB500AA5105 /* Release */ = {
			isa = XCBuildConfiguration;
			buildSettings = {
				ALWAYS_SEARCH_USER_PATHS = NO;
				CLANG_ANALYZER_NONNULL = YES;
				CLANG_ANALYZER_NUMBER_OBJECT_CONVERSION = YES_AGGRESSIVE;
				CLANG_CXX_LANGUAGE_STANDARD = "gnu++14";
				CLANG_CXX_LIBRARY = "libc++";
				CLANG_ENABLE_MODULES = YES;
				CLANG_ENABLE_OBJC_ARC = YES;
				CLANG_ENABLE_OBJC_WEAK = YES;
				CLANG_WARN_BLOCK_CAPTURE_AUTORELEASING = YES;
				CLANG_WARN_BOOL_CONVERSION = YES;
				CLANG_WARN_COMMA = YES;
				CLANG_WARN_CONSTANT_CONVERSION = YES;
				CLANG_WARN_DEPRECATED_OBJC_IMPLEMENTATIONS = YES;
				CLANG_WARN_DIRECT_OBJC_ISA_USAGE = YES_ERROR;
				CLANG_WARN_DOCUMENTATION_COMMENTS = YES;
				CLANG_WARN_EMPTY_BODY = YES;
				CLANG_WARN_ENUM_CONVERSION = YES;
				CLANG_WARN_INFINITE_RECURSION = YES;
				CLANG_WARN_INT_CONVERSION = YES;
				CLANG_WARN_NON_LITERAL_NULL_CONVERSION = YES;
				CLANG_WARN_OBJC_IMPLICIT_RETAIN_SELF = YES;
				CLANG_WARN_OBJC_LITERAL_CONVERSION = YES;
				CLANG_WARN_OBJC_ROOT_CLASS = YES_ERROR;
				CLANG_WARN_QUOTED_INCLUDE_IN_FRAMEWORK_HEADER = YES;
				CLANG_WARN_RANGE_LOOP_ANALYSIS = YES;
				CLANG_WARN_STRICT_PROTOTYPES = YES;
				CLANG_WARN_SUSPICIOUS_MOVE = YES;
				CLANG_WARN_UNGUARDED_AVAILABILITY = YES_AGGRESSIVE;
				CLANG_WARN_UNREACHABLE_CODE = YES;
				CLANG_WARN__DUPLICATE_METHOD_MATCH = YES;
				COPY_PHASE_STRIP = NO;
				DEBUG_INFORMATION_FORMAT = "dwarf-with-dsym";
				ENABLE_NS_ASSERTIONS = NO;
				ENABLE_STRICT_OBJC_MSGSEND = YES;
				GCC_C_LANGUAGE_STANDARD = gnu11;
				GCC_NO_COMMON_BLOCKS = YES;
				GCC_WARN_64_TO_32_BIT_CONVERSION = YES;
				GCC_WARN_ABOUT_RETURN_TYPE = YES_ERROR;
				GCC_WARN_UNDECLARED_SELECTOR = YES;
				GCC_WARN_UNINITIALIZED_AUTOS = YES_AGGRESSIVE;
				GCC_WARN_UNUSED_FUNCTION = YES;
				GCC_WARN_UNUSED_VARIABLE = YES;
				IPHONEOS_DEPLOYMENT_TARGET = 14.5;
				MTL_ENABLE_DEBUG_INFO = NO;
				MTL_FAST_MATH = YES;
				SDKROOT = iphoneos;
				SWIFT_COMPILATION_MODE = wholemodule;
				SWIFT_OPTIMIZATION_LEVEL = "-O";
				VALIDATE_PRODUCT = YES;
			};
			name = Release;
		};
		B163E82D268B8CB500AA5105 /* Debug */ = {
			isa = XCBuildConfiguration;
			buildSettings = {
				ASSETCATALOG_COMPILER_APPICON_NAME = AppIcon;
				ASSETCATALOG_COMPILER_GLOBAL_ACCENT_COLOR_NAME = AccentColor;
				CODE_SIGN_STYLE = Automatic;
				INFOPLIST_FILE = Githubtest/Info.plist;
				LD_RUNPATH_SEARCH_PATHS = (
					"$(inherited)",
					"@executable_path/Frameworks",
				);
				PRODUCT_BUNDLE_IDENTIFIER = KWK.Githubtest;
				PRODUCT_NAME = "$(TARGET_NAME)";
				SWIFT_VERSION = 5.0;
				TARGETED_DEVICE_FAMILY = "1,2";
			};
			name = Debug;
		};
		B163E82E268B8CB500AA5105 /* Release */ = {
			isa = XCBuildConfiguration;
			buildSettings = {
				ASSETCATALOG_COMPILER_APPICON_NAME = AppIcon;
				ASSETCATALOG_COMPILER_GLOBAL_ACCENT_COLOR_NAME = AccentColor;
				CODE_SIGN_STYLE = Automatic;
				INFOPLIST_FILE = Githubtest/Info.plist;
				LD_RUNPATH_SEARCH_PATHS = (
					"$(inherited)",
					"@executable_path/Frameworks",
				);
				PRODUCT_BUNDLE_IDENTIFIER = KWK.Githubtest;
				PRODUCT_NAME = "$(TARGET_NAME)";
				SWIFT_VERSION = 5.0;
				TARGETED_DEVICE_FAMILY = "1,2";
			};
			name = Release;
		};
/* End XCBuildConfiguration section */

/* Begin XCConfigurationList section */
		B163E810268B8CB400AA5105 /* Build configuration list for PBXProject "Githubtest" */ = {
			isa = XCConfigurationList;
			buildConfigurations = (
				B163E82A268B8CB500AA5105 /* Debug */,
				B163E82B268B8CB500AA5105 /* Release */,
			);
			defaultConfigurationIsVisible = 0;
			defaultConfigurationName = Release;
		};
		B163E82C268B8CB500AA5105 /* Build configuration list for PBXNativeTarget "Githubtest" */ = {
			isa = XCConfigurationList;
			buildConfigurations = (
				B163E82D268B8CB500AA5105 /* Debug */,
				B163E82E268B8CB500AA5105 /* Release */,
			);
			defaultConfigurationIsVisible = 0;
			defaultConfigurationName = Release;
		};
/* End XCConfigurationList section */

/* Begin XCVersionGroup section */
		B163E821268B8CB400AA5105 /* Githubtest.xcdatamodeld */ = {
			isa = XCVersionGroup;
			children = (
				B163E822268B8CB400AA5105 /* Githubtest.xcdatamodel */,
			);
			currentVersion = B163E822268B8CB400AA5105 /* Githubtest.xcdatamodel */;
			path = Githubtest.xcdatamodeld;
			sourceTree = "<group>";
			versionGroupType = wrapper.xcdatamodel;
		};
/* End XCVersionGroup section */
	};
	rootObject = B163E80D268B8CB400AA5105 /* Project object */;
}
